
Microsoft Visual Studio Solution File, Format Version 12.00
# Visual Studio Version 17
VisualStudioVersion = 17.3.32922.545
MinimumVisualStudioVersion = 10.0.40219.1
Project("{FAE04EC0-301F-11D3-BF4B-00C04F79EFBC}") = "EmojiTest", "EmojiTest\EmojiTest.csproj", "{1E3DBDB1-635B-4F3E-95BD-4A9922A94557}"
EndProject
Global
	GlobalSection(SolutionConfigurationPlatforms) = preSolution
		Debug|Any CPU = Debug|Any CPU
		Release|Any CPU = Release|Any CPU
	EndGlobalSection
	GlobalSection(ProjectConfigurationPlatforms) = postSolution
		{1E3DBDB1-635B-4F3E-95BD-4A9922A94557}.Debug|Any CPU.ActiveCfg = Debug|Any CPU
		{1E3DBDB1-635B-4F3E-95BD-4A9922A94557}.Debug|Any CPU.Build.0 = Debug|Any CPU
		{1E3DBDB1-635B-4F3E-95BD-4A9922A94557}.Release|Any CPU.ActiveCfg = Release|Any CPU
		{1E3DBDB1-635B-4F3E-95BD-4A9922A94557}.Release|Any CPU.Build.0 = Release|Any CPU
	EndGlobalSection
	GlobalSection(SolutionProperties) = preSolution
		HideSolutionNode = FALSE
	EndGlobalSection
	GlobalSection(ExtensibilityGlobals) = postSolution
		SolutionGuid = {24185344-3A45-403F-83FE-75AD74B56784}
	EndGlobalSection
EndGlobal
